{
    "_meta": {
        "hash": {
            "sha256": "834a81006856000b84ffeac6e4600881f75c1e9084a83feed866eb321419de8a"
        },
        "pipfile-spec": 6,
        "requires": {
            "python_version": "3.10"
        },
        "sources": [
            {
                "name": "pypi",
                "url": "https://pypi.org/simple",
                "verify_ssl": true
            }
        ]
    },
    "default": {
        "ffmpy": {
            "hashes": [
                "sha256:757591581eee25b4a50ac9ffb9b58035a2794533db47e0512f53fb2d7b6f9adc"
            ],
            "index": "pypi",
            "version": "==0.3.0"
        }
    },
    "develop": {}
}
